
Microsoft Visual Studio Solution File, Format Version 12.00
# Visual Studio Version 16
VisualStudioVersion = 16.0.33328.57
MinimumVisualStudioVersion = 10.0.40219.1
Project("{FAE04EC0-301F-11D3-BF4B-00C04F79EFBC}") = "AppDevPro", "AppDevPro.csproj", "{754E591A-AF6D-43E2-9E34-3E1C2FF66956}"
EndProject
Global
	GlobalSection(SolutionConfigurationPlatforms) = preSolution
		Debug|Any CPU = Debug|Any CPU
		Release|Any CPU = Release|Any CPU
	EndGlobalSection
	GlobalSection(ProjectConfigurationPlatforms) = postSolution
		{754E591A-AF6D-43E2-9E34-3E1C2FF66956}.Debug|Any CPU.ActiveCfg = Debug|Any CPU
		{754E591A-AF6D-43E2-9E34-3E1C2FF66956}.Debug|Any CPU.Build.0 = Debug|Any CPU
		{754E591A-AF6D-43E2-9E34-3E1C2FF66956}.Release|Any CPU.ActiveCfg = Release|Any CPU
		{754E591A-AF6D-43E2-9E34-3E1C2FF66956}.Release|Any CPU.Build.0 = Release|Any CPU
	EndGlobalSection
	GlobalSection(SolutionProperties) = preSolution
		HideSolutionNode = FALSE
	EndGlobalSection
	GlobalSection(ExtensibilityGlobals) = postSolution
		SolutionGuid = {FDA5D4BC-EDB8-4191-97BE-A76DC3493158}
	EndGlobalSection
EndGlobal
